// !$*UTF8*$!
{
	archiveVersion = 1;
	classes = {
	};
	objectVersion = 46;
	objects = {

/* Begin PBXBuildFile section */
		438EA6DB1D63483800B46FA6 /* AppDelegate.swift in Sources */ = {isa = PBXBuildFile; fileRef = 438EA6DA1D63483800B46FA6 /* AppDelegate.swift */; };
		438EA6DD1D63483800B46FA6 /* ViewController.swift in Sources */ = {isa = PBXBuildFile; fileRef = 438EA6DC1D63483800B46FA6 /* ViewController.swift */; };
		438EA6E01D63483800B46FA6 /* Main.storyboard in Resources */ = {isa = PBXBuildFile; fileRef = 438EA6DE1D63483800B46FA6 /* Main.storyboard */; };
		438EA6E21D63483800B46FA6 /* Assets.xcassets in Resources */ = {isa = PBXBuildFile; fileRef = 438EA6E11D63483800B46FA6 /* Assets.xcassets */; };
		438EA6E51D63483800B46FA6 /* LaunchScreen.storyboard in Resources */ = {isa = PBXBuildFile; fileRef = 438EA6E31D63483800B46FA6 /* LaunchScreen.storyboard */; };
		438EA6ED1D63498E00B46FA6 /* PlayerVSCompy.swift in Sources */ = {isa = PBXBuildFile; fileRef = 438EA6EC1D63498E00B46FA6 /* PlayerVSCompy.swift */; };
		438EA6EF1D637ED100B46FA6 /* Opening ScreenViewController.swift in Sources */ = {isa = PBXBuildFile; fileRef = 438EA6EE1D637ED100B46FA6 /* Opening ScreenViewController.swift */; };
		438EA6F11D6387B900B46FA6 /* LizardSpockViewController.swift in Sources */ = {isa = PBXBuildFile; fileRef = 438EA6F01D6387B900B46FA6 /* LizardSpockViewController.swift */; };
		438EA6F31D638DC500B46FA6 /* lizardSpockVSCompy.swift in Sources */ = {isa = PBXBuildFile; fileRef = 438EA6F21D638DC500B46FA6 /* lizardSpockVSCompy.swift */; };
/* End PBXBuildFile section */

/* Begin PBXFileReference section */
		438EA6D71D63483800B46FA6 /* RockPaperSiccors.app */ = {isa = PBXFileReference; explicitFileType = wrapper.application; includeInIndex = 0; path = RockPaperSiccors.app; sourceTree = BUILT_PRODUCTS_DIR; };
		438EA6DA1D63483800B46FA6 /* AppDelegate.swift */ = {isa = PBXFileReference; lastKnownFileType = sourcecode.swift; path = AppDelegate.swift; sourceTree = "<group>"; };
		438EA6DC1D63483800B46FA6 /* ViewController.swift */ = {isa = PBXFileReference; lastKnownFileType = sourcecode.swift; path = ViewController.swift; sourceTree = "<group>"; };
		438EA6DF1D63483800B46FA6 /* Base */ = {isa = PBXFileReference; lastKnownFileType = file.storyboard; name = Base; path = Base.lproj/Main.storyboard; sourceTree = "<group>"; };
		438EA6E11D63483800B46FA6 /* Assets.xcassets */ = {isa = PBXFileReference; lastKnownFileType = folder.assetcatalog; path = Assets.xcassets; sourceTree = "<group>"; };
		438EA6E41D63483800B46FA6 /* Base */ = {isa = PBXFileReference; lastKnownFileType = file.storyboard; name = Base; path = Base.lproj/LaunchScreen.storyboard; sourceTree = "<group>"; };
		438EA6E61D63483800B46FA6 /* Info.plist */ = {isa = PBXFileReference; lastKnownFileType = text.plist.xml; path = Info.plist; sourceTree = "<group>"; };
		438EA6EC1D63498E00B46FA6 /* PlayerVSCompy.swift */ = {isa = PBXFileReference; fileEncoding = 4; lastKnownFileType = sourcecode.swift; path = PlayerVSCompy.swift; sourceTree = "<group>"; };
		438EA6EE1D637ED100B46FA6 /* Opening ScreenViewController.swift */ = {isa = PBXFileReference; fileEncoding = 4; lastKnownFileType = sourcecode.swift; path = "Opening ScreenViewController.swift"; sourceTree = "<group>"; };
		438EA6F01D6387B900B46FA6 /* LizardSpockViewController.swift */ = {isa = PBXFileReference; fileEncoding = 4; lastKnownFileType = sourcecode.swift; path = LizardSpockViewController.swift; sourceTree = "<group>"; };
		438EA6F21D638DC500B46FA6 /* lizardSpockVSCompy.swift */ = {isa = PBXFileReference; fileEncoding = 4; lastKnownFileType = sourcecode.swift; path = lizardSpockVSCompy.swift; sourceTree = "<group>"; };
/* End PBXFileReference section */

/* Begin PBXFrameworksBuildPhase section */
		438EA6D41D63483800B46FA6 /* Frameworks */ = {
			isa = PBXFrameworksBuildPhase;
			buildActionMask = 2147483647;
			files = (
			);
			runOnlyForDeploymentPostprocessing = 0;
		};
/* End PBXFrameworksBuildPhase section */

/* Begin PBXGroup section */
		438EA6CE1D63483800B46FA6 = {
			isa = PBXGroup;
			children = (
				438EA6D91D63483800B46FA6 /* RockPaperSiccors */,
				438EA6D81D63483800B46FA6 /* Products */,
			);
			sourceTree = "<group>";
		};
		438EA6D81D63483800B46FA6 /* Products */ = {
			isa = PBXGroup;
			children = (
				438EA6D71D63483800B46FA6 /* RockPaperSiccors.app */,
			);
			name = Products;
			sourceTree = "<group>";
		};
		438EA6D91D63483800B46FA6 /* RockPaperSiccors */ = {
			isa = PBXGroup;
			children = (
				438EA6DA1D63483800B46FA6 /* AppDelegate.swift */,
				438EA6EE1D637ED100B46FA6 /* Opening ScreenViewController.swift */,
				438EA6DC1D63483800B46FA6 /* ViewController.swift */,
				438EA6EC1D63498E00B46FA6 /* PlayerVSCompy.swift */,
				438EA6F01D6387B900B46FA6 /* LizardSpockViewController.swift */,
				438EA6F21D638DC500B46FA6 /* lizardSpockVSCompy.swift */,
				438EA6DE1D63483800B46FA6 /* Main.storyboard */,
				438EA6E11D63483800B46FA6 /* Assets.xcassets */,
				438EA6E31D63483800B46FA6 /* LaunchScreen.storyboard */,
				438EA6E61D63483800B46FA6 /* Info.plist */,
			);
			path = RockPaperSiccors;
			sourceTree = "<group>";
		};
/* End PBXGroup section */

/* Begin PBXNativeTarget section */
		438EA6D61D63483800B46FA6 /* RockPaperSiccors */ = {
			isa = PBXNativeTarget;
			buildConfigurationList = 438EA6E91D63483800B46FA6 /* Build configuration list for PBXNativeTarget "RockPaperSiccors" */;
			buildPhases = (
				438EA6D31D63483800B46FA6 /* Sources */,
				438EA6D41D63483800B46FA6 /* Frameworks */,
				438EA6D51D63483800B46FA6 /* Resources */,
			);
			buildRules = (
			);
			dependencies = (
			);
			name = RockPaperSiccors;
			productName = RockPaperSiccors;
			productReference = 438EA6D71D63483800B46FA6 /* RockPaperSiccors.app */;
			productType = "com.apple.product-type.application";
		};
/* End PBXNativeTarget section */

/* Begin PBXProject section */
		438EA6CF1D63483800B46FA6 /* Project object */ = {
			isa = PBXProject;
			attributes = {
				LastSwiftUpdateCheck = 0730;
				LastUpgradeCheck = 0730;
				ORGANIZATIONNAME = "Patrick Cooke";
				TargetAttributes = {
					438EA6D61D63483800B46FA6 = {
						CreatedOnToolsVersion = 7.3;
					};
				};
			};
			buildConfigurationList = 438EA6D21D63483800B46FA6 /* Build configuration list for PBXProject "RockPaperSiccors" */;
			compatibilityVersion = "Xcode 3.2";
			developmentRegion = English;
			hasScannedForEncodings = 0;
			knownRegions = (
				en,
				Base,
			);
			mainGroup = 438EA6CE1D63483800B46FA6;
			productRefGroup = 438EA6D81D63483800B46FA6 /* Products */;
			projectDirPath = "";
			projectRoot = "";
			targets = (
				438EA6D61D63483800B46FA6 /* RockPaperSiccors */,
			);
		};
/* End PBXProject section */

/* Begin PBXResourcesBuildPhase section */
		438EA6D51D63483800B46FA6 /* Resources */ = {
			isa = PBXResourcesBuildPhase;
			buildActionMask = 2147483647;
			files = (
				438EA6E51D63483800B46FA6 /* LaunchScreen.storyboard in Resources */,
				438EA6E21D63483800B46FA6 /* Assets.xcassets in Resources */,
				438EA6E01D63483800B46FA6 /* Main.storyboard in Resources */,
			);
			runOnlyForDeploymentPostprocessing = 0;
		};
/* End PBXResourcesBuildPhase section */

/* Begin PBXSourcesBuildPhase section */
		438EA6D31D63483800B46FA6 /* Sources */ = {
			isa = PBXSourcesBuildPhase;
			buildActionMask = 2147483647;
			files = (
				438EA6F31D638DC500B46FA6 /* lizardSpockVSCompy.swift in Sources */,
				438EA6F11D6387B900B46FA6 /* LizardSpockViewController.swift in Sources */,
				438EA6EF1D637ED100B46FA6 /* Opening ScreenViewController.swift in Sources */,
				438EA6DD1D63483800B46FA6 /* ViewController.swift in Sources */,
				438EA6ED1D63498E00B46FA6 /* PlayerVSCompy.swift in Sources */,
				438EA6DB1D63483800B46FA6 /* AppDelegate.swift in Sources */,
			);
			runOnlyForDeploymentPostprocessing = 0;
		};
/* End PBXSourcesBuildPhase section */

/* Begin PBXVariantGroup section */
		438EA6DE1D63483800B46FA6 /* Main.storyboard */ = {
			isa = PBXVariantGroup;
			children = (
				438EA6DF1D63483800B46FA6 /* Base */,
			);
			name = Main.storyboard;
			sourceTree = "<group>";
		};
		438EA6E31D63483800B46FA6 /* LaunchScreen.storyboard */ = {
			isa = PBXVariantGroup;
			children = (
				438EA6E41D63483800B46FA6 /* Base */,
			);
			name = LaunchScreen.storyboard;
			sourceTree = "<group>";
		};
/* End PBXVariantGroup section */

/* Begin XCBuildConfiguration section */
		438EA6E71D63483800B46FA6 /* Debug */ = {
			isa = XCBuildConfiguration;
			buildSettings = {
				ALWAYS_SEARCH_USER_PATHS = NO;
				CLANG_ANALYZER_NONNULL = YES;
				CLANG_CXX_LANGUAGE_STANDARD = "gnu++0x";
				CLANG_CXX_LIBRARY = "libc++";
				CLANG_ENABLE_MODULES = YES;
				CLANG_ENABLE_OBJC_ARC = YES;
				CLANG_WARN_BOOL_CONVERSION = YES;
				CLANG_WARN_CONSTANT_CONVERSION = YES;
				CLANG_WARN_DIRECT_OBJC_ISA_USAGE = YES_ERROR;
				CLANG_WARN_EMPTY_BODY = YES;
				CLANG_WARN_ENUM_CONVERSION = YES;
				CLANG_WARN_INT_CONVERSION = YES;
				CLANG_WARN_OBJC_ROOT_CLASS = YES_ERROR;
				CLANG_WARN_UNREACHABLE_CODE = YES;
				CLANG_WARN__DUPLICATE_METHOD_MATCH = YES;
				"CODE_SIGN_IDENTITY[sdk=iphoneos*]" = "iPhone Developer";
				COPY_PHASE_STRIP = NO;
				DEBUG_INFORMATION_FORMAT = dwarf;
				ENABLE_STRICT_OBJC_MSGSEND = YES;
				ENABLE_TESTABILITY = YES;
				GCC_C_LANGUAGE_STANDARD = gnu99;
				GCC_DYNAMIC_NO_PIC = NO;
				GCC_NO_COMMON_BLOCKS = YES;
				GCC_OPTIMIZATION_LEVEL = 0;
				GCC_PREPROCESSOR_DEFINITIONS = (
					"DEBUG=1",
					"$(inherited)",
				);
				GCC_WARN_64_TO_32_BIT_CONVERSION = YES;
				GCC_WARN_ABOUT_RETURN_TYPE = YES_ERROR;
				GCC_WARN_UNDECLARED_SELECTOR = YES;
				GCC_WARN_UNINITIALIZED_AUTOS = YES_AGGRESSIVE;
				GCC_WARN_UNUSED_FUNCTION = YES;
				GCC_WARN_UNUSED_VARIABLE = YES;
				IPHONEOS_DEPLOYMENT_TARGET = 9.3;
				MTL_ENABLE_DEBUG_INFO = YES;
				ONLY_ACTIVE_ARCH = YES;
				SDKROOT = iphoneos;
				SWIFT_OPTIMIZATION_LEVEL = "-Onone";
				TARGETED_DEVICE_FAMILY = "1,2";
			};
			name = Debug;
		};
		438EA6E81D63483800B46FA6 /* Release */ = {
			isa = XCBuildConfiguration;
			buildSettings = {
				ALWAYS_SEARCH_USER_PATHS = NO;
				CLANG_ANALYZER_NONNULL = YES;
				CLANG_CXX_LANGUAGE_STANDARD = "gnu++0x";
				CLANG_CXX_LIBRARY = "libc++";
				CLANG_ENABLE_MODULES = YES;
				CLANG_ENABLE_OBJC_ARC = YES;
				CLANG_WARN_BOOL_CONVERSION = YES;
				CLANG_WARN_CONSTANT_CONVERSION = YES;
				CLANG_WARN_DIRECT_OBJC_ISA_USAGE = YES_ERROR;
				CLANG_WARN_EMPTY_BODY = YES;
				CLANG_WARN_ENUM_CONVERSION = YES;
				CLANG_WARN_INT_CONVERSION = YES;
				CLANG_WARN_OBJC_ROOT_CLASS = YES_ERROR;
				CLANG_WARN_UNREACHABLE_CODE = YES;
				CLANG_WARN__DUPLICATE_METHOD_MATCH = YES;
				"CODE_SIGN_IDENTITY[sdk=iphoneos*]" = "iPhone Developer";
				COPY_PHASE_STRIP = NO;
				DEBUG_INFORMATION_FORMAT = "dwarf-with-dsym";
				ENABLE_NS_ASSERTIONS = NO;
				ENABLE_STRICT_OBJC_MSGSEND = YES;
				GCC_C_LANGUAGE_STANDARD = gnu99;
				GCC_NO_COMMON_BLOCKS = YES;
				GCC_WARN_64_TO_32_BIT_CONVERSION = YES;
				GCC_WARN_ABOUT_RETURN_TYPE = YES_ERROR;
				GCC_WARN_UNDECLARED_SELECTOR = YES;
				GCC_WARN_UNINITIALIZED_AUTOS = YES_AGGRESSIVE;
				GCC_WARN_UNUSED_FUNCTION = YES;
				GCC_WARN_UNUSED_VARIABLE = YES;
				IPHONEOS_DEPLOYMENT_TARGET = 9.3;
				MTL_ENABLE_DEBUG_INFO = NO;
				SDKROOT = iphoneos;
				TARGETED_DEVICE_FAMILY = "1,2";
				VALIDATE_PRODUCT = YES;
			};
			name = Release;
		};
		438EA6EA1D63483800B46FA6 /* Debug */ = {
			isa = XCBuildConfiguration;
			buildSettings = {
				ASSETCATALOG_COMPILER_APPICON_NAME = AppIcon;
				INFOPLIST_FILE = RockPaperSiccors/Info.plist;
				LD_RUNPATH_SEARCH_PATHS = "$(inherited) @executable_path/Frameworks";
				PRODUCT_BUNDLE_IDENTIFIER = com.appsbypat.RockPaperSiccors;
				PRODUCT_NAME = "$(TARGET_NAME)";
			};
			name = Debug;
		};
		438EA6EB1D63483800B46FA6 /* Release */ = {
			isa = XCBuildConfiguration;
			buildSettings = {
				ASSETCATALOG_COMPILER_APPICON_NAME = AppIcon;
				INFOPLIST_FILE = RockPaperSiccors/Info.plist;
				LD_RUNPATH_SEARCH_PATHS = "$(inherited) @executable_path/Frameworks";
				PRODUCT_BUNDLE_IDENTIFIER = com.appsbypat.RockPaperSiccors;
				PRODUCT_NAME = "$(TARGET_NAME)";
			};
			name = Release;
		};
/* End XCBuildConfiguration section */

/* Begin XCConfigurationList section */
		438EA6D21D63483800B46FA6 /* Build configuration list for PBXProject "RockPaperSiccors" */ = {
			isa = XCConfigurationList;
			buildConfigurations = (
				438EA6E71D63483800B46FA6 /* Debug */,
				438EA6E81D63483800B46FA6 /* Release */,
			);
			defaultConfigurationIsVisible = 0;
			defaultConfigurationName = Release;
		};
		438EA6E91D63483800B46FA6 /* Build configuration list for PBXNativeTarget "RockPaperSiccors" */ = {
			isa = XCConfigurationList;
			buildConfigurations = (
				438EA6EA1D63483800B46FA6 /* Debug */,
				438EA6EB1D63483800B46FA6 /* Release */,
			);
			defaultConfigurationIsVisible = 0;
		};
/* End XCConfigurationList section */
	};
	rootObject = 438EA6CF1D63483800B46FA6 /* Project object */;
}
